
Microsoft Visual Studio Solution File, Format Version 12.00
# Visual Studio 15
VisualStudioVersion = 15.0.28307.489
MinimumVisualStudioVersion = 10.0.40219.1
Project("{FAE04EC0-301F-11D3-BF4B-00C04F79EFBC}") = "CcinoLogsTools", "CcinoTools\CcinoLogsTools.csproj", "{88D362B9-479B-467B-A664-68F1335DE0CD}"
EndProject
Project("{FAE04EC0-301F-11D3-BF4B-00C04F79EFBC}") = "CcinoToolsTests", "CcinoToolsTests\CcinoToolsTests.csproj", "{9F3B1292-F981-4967-B89F-69BC012B843C}"
EndProject
Global
	GlobalSection(SolutionConfigurationPlatforms) = preSolution
		Debug|Any CPU = Debug|Any CPU
		Release|Any CPU = Release|Any CPU
	EndGlobalSection
	GlobalSection(ProjectConfigurationPlatforms) = postSolution
		{88D362B9-479B-467B-A664-68F1335DE0CD}.Debug|Any CPU.ActiveCfg = Debug|Any CPU
		{88D362B9-479B-467B-A664-68F1335DE0CD}.Debug|Any CPU.Build.0 = Debug|Any CPU
		{88D362B9-479B-467B-A664-68F1335DE0CD}.Release|Any CPU.ActiveCfg = Release|Any CPU
		{88D362B9-479B-467B-A664-68F1335DE0CD}.Release|Any CPU.Build.0 = Release|Any CPU
		{9F3B1292-F981-4967-B89F-69BC012B843C}.Debug|Any CPU.ActiveCfg = Debug|Any CPU
		{9F3B1292-F981-4967-B89F-69BC012B843C}.Debug|Any CPU.Build.0 = Debug|Any CPU
		{9F3B1292-F981-4967-B89F-69BC012B843C}.Release|Any CPU.ActiveCfg = Release|Any CPU
		{9F3B1292-F981-4967-B89F-69BC012B843C}.Release|Any CPU.Build.0 = Release|Any CPU
	EndGlobalSection
	GlobalSection(SolutionProperties) = preSolution
		HideSolutionNode = FALSE
	EndGlobalSection
	GlobalSection(ExtensibilityGlobals) = postSolution
		SolutionGuid = {98008832-BD6D-4C29-A8F6-F703EE9237FB}
	EndGlobalSection
EndGlobal
